// !$*UTF8*$!
{
	archiveVersion = 1;
	classes = {
	};
	objectVersion = 50;
	objects = {

/* Begin PBXBuildFile section */
		AD955287222BBE80004DF2B4 /* AppDelegate.swift in Sources */ = {isa = PBXBuildFile; fileRef = AD955286222BBE80004DF2B4 /* AppDelegate.swift */; };
		AD955289222BBE80004DF2B4 /* ViewController.swift in Sources */ = {isa = PBXBuildFile; fileRef = AD955288222BBE80004DF2B4 /* ViewController.swift */; };
		AD95528C222BBE80004DF2B4 /* Main.storyboard in Resources */ = {isa = PBXBuildFile; fileRef = AD95528A222BBE80004DF2B4 /* Main.storyboard */; };
		AD95528E222BBE81004DF2B4 /* Assets.xcassets in Resources */ = {isa = PBXBuildFile; fileRef = AD95528D222BBE81004DF2B4 /* Assets.xcassets */; };
		AD955291222BBE81004DF2B4 /* LaunchScreen.storyboard in Resources */ = {isa = PBXBuildFile; fileRef = AD95528F222BBE81004DF2B4 /* LaunchScreen.storyboard */; };
		AD955299222BC223004DF2B4 /* InfoCell.swift in Sources */ = {isa = PBXBuildFile; fileRef = AD955298222BC223004DF2B4 /* InfoCell.swift */; };
		AD95529B222BC2A4004DF2B4 /* extension.swift in Sources */ = {isa = PBXBuildFile; fileRef = AD95529A222BC2A4004DF2B4 /* extension.swift */; };
		AD95529D222BC6CE004DF2B4 /* UIView+Layout.swift in Sources */ = {isa = PBXBuildFile; fileRef = AD95529C222BC6CE004DF2B4 /* UIView+Layout.swift */; };
		AD9552A0222BCB09004DF2B4 /* CustomImageView.swift in Sources */ = {isa = PBXBuildFile; fileRef = AD95529F222BCB09004DF2B4 /* CustomImageView.swift */; };
		AD9552A2222BCB1B004DF2B4 /* VerticalStackView.swift in Sources */ = {isa = PBXBuildFile; fileRef = AD9552A1222BCB1B004DF2B4 /* VerticalStackView.swift */; };
		AD9552A4222BCB98004DF2B4 /* HorizontolStackView.swift in Sources */ = {isa = PBXBuildFile; fileRef = AD9552A3222BCB98004DF2B4 /* HorizontolStackView.swift */; };
		AD9552A9222BD690004DF2B4 /* InfoFrontView.swift in Sources */ = {isa = PBXBuildFile; fileRef = AD9552A8222BD690004DF2B4 /* InfoFrontView.swift */; };
		AD9552AB222BD697004DF2B4 /* InfoBackView.swift in Sources */ = {isa = PBXBuildFile; fileRef = AD9552AA222BD697004DF2B4 /* InfoBackView.swift */; };
/* End PBXBuildFile section */

/* Begin PBXFileReference section */
		AD955283222BBE80004DF2B4 /* dribblePractice.app */ = {isa = PBXFileReference; explicitFileType = wrapper.application; includeInIndex = 0; path = dribblePractice.app; sourceTree = BUILT_PRODUCTS_DIR; };
		AD955286222BBE80004DF2B4 /* AppDelegate.swift */ = {isa = PBXFileReference; lastKnownFileType = sourcecode.swift; path = AppDelegate.swift; sourceTree = "<group>"; };
		AD955288222BBE80004DF2B4 /* ViewController.swift */ = {isa = PBXFileReference; lastKnownFileType = sourcecode.swift; path = ViewController.swift; sourceTree = "<group>"; };
		AD95528B222BBE80004DF2B4 /* Base */ = {isa = PBXFileReference; lastKnownFileType = file.storyboard; name = Base; path = Base.lproj/Main.storyboard; sourceTree = "<group>"; };
		AD95528D222BBE81004DF2B4 /* Assets.xcassets */ = {isa = PBXFileReference; lastKnownFileType = folder.assetcatalog; path = Assets.xcassets; sourceTree = "<group>"; };
		AD955290222BBE81004DF2B4 /* Base */ = {isa = PBXFileReference; lastKnownFileType = file.storyboard; name = Base; path = Base.lproj/LaunchScreen.storyboard; sourceTree = "<group>"; };
		AD955292222BBE81004DF2B4 /* Info.plist */ = {isa = PBXFileReference; lastKnownFileType = text.plist.xml; path = Info.plist; sourceTree = "<group>"; };
		AD955298222BC223004DF2B4 /* InfoCell.swift */ = {isa = PBXFileReference; lastKnownFileType = sourcecode.swift; path = InfoCell.swift; sourceTree = "<group>"; };
		AD95529A222BC2A4004DF2B4 /* extension.swift */ = {isa = PBXFileReference; lastKnownFileType = sourcecode.swift; path = extension.swift; sourceTree = "<group>"; };
		AD95529C222BC6CE004DF2B4 /* UIView+Layout.swift */ = {isa = PBXFileReference; lastKnownFileType = sourcecode.swift; path = "UIView+Layout.swift"; sourceTree = "<group>"; };
		AD95529F222BCB09004DF2B4 /* CustomImageView.swift */ = {isa = PBXFileReference; lastKnownFileType = sourcecode.swift; path = CustomImageView.swift; sourceTree = "<group>"; };
		AD9552A1222BCB1B004DF2B4 /* VerticalStackView.swift */ = {isa = PBXFileReference; lastKnownFileType = sourcecode.swift; path = VerticalStackView.swift; sourceTree = "<group>"; };
		AD9552A3222BCB98004DF2B4 /* HorizontolStackView.swift */ = {isa = PBXFileReference; lastKnownFileType = sourcecode.swift; path = HorizontolStackView.swift; sourceTree = "<group>"; };
		AD9552A8222BD690004DF2B4 /* InfoFrontView.swift */ = {isa = PBXFileReference; lastKnownFileType = sourcecode.swift; path = InfoFrontView.swift; sourceTree = "<group>"; };
		AD9552AA222BD697004DF2B4 /* InfoBackView.swift */ = {isa = PBXFileReference; lastKnownFileType = sourcecode.swift; path = InfoBackView.swift; sourceTree = "<group>"; };
/* End PBXFileReference section */

/* Begin PBXFrameworksBuildPhase section */
		AD955280222BBE80004DF2B4 /* Frameworks */ = {
			isa = PBXFrameworksBuildPhase;
			buildActionMask = 2147483647;
			files = (
			);
			runOnlyForDeploymentPostprocessing = 0;
		};
/* End PBXFrameworksBuildPhase section */

/* Begin PBXGroup section */
		AD95527A222BBE80004DF2B4 = {
			isa = PBXGroup;
			children = (
				AD955285222BBE80004DF2B4 /* dribblePractice */,
				AD955284222BBE80004DF2B4 /* Products */,
			);
			sourceTree = "<group>";
		};
		AD955284222BBE80004DF2B4 /* Products */ = {
			isa = PBXGroup;
			children = (
				AD955283222BBE80004DF2B4 /* dribblePractice.app */,
			);
			name = Products;
			sourceTree = "<group>";
		};
		AD955285222BBE80004DF2B4 /* dribblePractice */ = {
			isa = PBXGroup;
			children = (
				AD9552A7222BCF56004DF2B4 /* Controller */,
				AD9552A6222BCF4C004DF2B4 /* View */,
				AD9552A5222BCF45004DF2B4 /* Extension */,
				AD95529E222BCAEC004DF2B4 /* Custom */,
				AD955286222BBE80004DF2B4 /* AppDelegate.swift */,
				AD95528A222BBE80004DF2B4 /* Main.storyboard */,
				AD95528D222BBE81004DF2B4 /* Assets.xcassets */,
				AD95528F222BBE81004DF2B4 /* LaunchScreen.storyboard */,
				AD955292222BBE81004DF2B4 /* Info.plist */,
			);
			path = dribblePractice;
			sourceTree = "<group>";
		};
		AD95529E222BCAEC004DF2B4 /* Custom */ = {
			isa = PBXGroup;
			children = (
				AD95529F222BCB09004DF2B4 /* CustomImageView.swift */,
				AD9552A1222BCB1B004DF2B4 /* VerticalStackView.swift */,
				AD9552A3222BCB98004DF2B4 /* HorizontolStackView.swift */,
			);
			path = Custom;
			sourceTree = "<group>";
		};
		AD9552A5222BCF45004DF2B4 /* Extension */ = {
			isa = PBXGroup;
			children = (
				AD95529A222BC2A4004DF2B4 /* extension.swift */,
				AD95529C222BC6CE004DF2B4 /* UIView+Layout.swift */,
			);
			path = Extension;
			sourceTree = "<group>";
		};
		AD9552A6222BCF4C004DF2B4 /* View */ = {
			isa = PBXGroup;
			children = (
				AD955298222BC223004DF2B4 /* InfoCell.swift */,
				AD9552A8222BD690004DF2B4 /* InfoFrontView.swift */,
				AD9552AA222BD697004DF2B4 /* InfoBackView.swift */,
			);
			path = View;
			sourceTree = "<group>";
		};
		AD9552A7222BCF56004DF2B4 /* Controller */ = {
			isa = PBXGroup;
			children = (
				AD955288222BBE80004DF2B4 /* ViewController.swift */,
			);
			path = Controller;
			sourceTree = "<group>";
		};
/* End PBXGroup section */

/* Begin PBXNativeTarget section */
		AD955282222BBE80004DF2B4 /* dribblePractice */ = {
			isa = PBXNativeTarget;
			buildConfigurationList = AD955295222BBE81004DF2B4 /* Build configuration list for PBXNativeTarget "dribblePractice" */;
			buildPhases = (
				AD95527F222BBE80004DF2B4 /* Sources */,
				AD955280222BBE80004DF2B4 /* Frameworks */,
				AD955281222BBE80004DF2B4 /* Resources */,
			);
			buildRules = (
			);
			dependencies = (
			);
			name = dribblePractice;
			productName = dribblePractice;
			productReference = AD955283222BBE80004DF2B4 /* dribblePractice.app */;
			productType = "com.apple.product-type.application";
		};
/* End PBXNativeTarget section */

/* Begin PBXProject section */
		AD95527B222BBE80004DF2B4 /* Project object */ = {
			isa = PBXProject;
			attributes = {
				LastSwiftUpdateCheck = 1010;
				LastUpgradeCheck = 1010;
				ORGANIZATIONNAME = "성용강";
				TargetAttributes = {
					AD955282222BBE80004DF2B4 = {
						CreatedOnToolsVersion = 10.1;
					};
				};
			};
			buildConfigurationList = AD95527E222BBE80004DF2B4 /* Build configuration list for PBXProject "dribblePractice" */;
			compatibilityVersion = "Xcode 9.3";
			developmentRegion = en;
			hasScannedForEncodings = 0;
			knownRegions = (
				en,
				Base,
			);
			mainGroup = AD95527A222BBE80004DF2B4;
			productRefGroup = AD955284222BBE80004DF2B4 /* Products */;
			projectDirPath = "";
			projectRoot = "";
			targets = (
				AD955282222BBE80004DF2B4 /* dribblePractice */,
			);
		};
/* End PBXProject section */

/* Begin PBXResourcesBuildPhase section */
		AD955281222BBE80004DF2B4 /* Resources */ = {
			isa = PBXResourcesBuildPhase;
			buildActionMask = 2147483647;
			files = (
				AD955291222BBE81004DF2B4 /* LaunchScreen.storyboard in Resources */,
				AD95528E222BBE81004DF2B4 /* Assets.xcassets in Resources */,
				AD95528C222BBE80004DF2B4 /* Main.storyboard in Resources */,
			);
			runOnlyForDeploymentPostprocessing = 0;
		};
/* End PBXResourcesBuildPhase section */

/* Begin PBXSourcesBuildPhase section */
		AD95527F222BBE80004DF2B4 /* Sources */ = {
			isa = PBXSourcesBuildPhase;
			buildActionMask = 2147483647;
			files = (
				AD955289222BBE80004DF2B4 /* ViewController.swift in Sources */,
				AD9552A0222BCB09004DF2B4 /* CustomImageView.swift in Sources */,
				AD955287222BBE80004DF2B4 /* AppDelegate.swift in Sources */,
				AD955299222BC223004DF2B4 /* InfoCell.swift in Sources */,
				AD95529B222BC2A4004DF2B4 /* extension.swift in Sources */,
				AD9552A4222BCB98004DF2B4 /* HorizontolStackView.swift in Sources */,
				AD95529D222BC6CE004DF2B4 /* UIView+Layout.swift in Sources */,
				AD9552A2222BCB1B004DF2B4 /* VerticalStackView.swift in Sources */,
				AD9552A9222BD690004DF2B4 /* InfoFrontView.swift in Sources */,
				AD9552AB222BD697004DF2B4 /* InfoBackView.swift in Sources */,
			);
			runOnlyForDeploymentPostprocessing = 0;
		};
/* End PBXSourcesBuildPhase section */

/* Begin PBXVariantGroup section */
		AD95528A222BBE80004DF2B4 /* Main.storyboard */ = {
			isa = PBXVariantGroup;
			children = (
				AD95528B222BBE80004DF2B4 /* Base */,
			);
			name = Main.storyboard;
			sourceTree = "<group>";
		};
		AD95528F222BBE81004DF2B4 /* LaunchScreen.storyboard */ = {
			isa = PBXVariantGroup;
			children = (
				AD955290222BBE81004DF2B4 /* Base */,
			);
			name = LaunchScreen.storyboard;
			sourceTree = "<group>";
		};
/* End PBXVariantGroup section */

/* Begin XCBuildConfiguration section */
		AD955293222BBE81004DF2B4 /* Debug */ = {
			isa = XCBuildConfiguration;
			buildSettings = {
				ALWAYS_SEARCH_USER_PATHS = NO;
				CLANG_ANALYZER_NONNULL = YES;
				CLANG_ANALYZER_NUMBER_OBJECT_CONVERSION = YES_AGGRESSIVE;
				CLANG_CXX_LANGUAGE_STANDARD = "gnu++14";
				CLANG_CXX_LIBRARY = "libc++";
				CLANG_ENABLE_MODULES = YES;
				CLANG_ENABLE_OBJC_ARC = YES;
				CLANG_ENABLE_OBJC_WEAK = YES;
				CLANG_WARN_BLOCK_CAPTURE_AUTORELEASING = YES;
				CLANG_WARN_BOOL_CONVERSION = YES;
				CLANG_WARN_COMMA = YES;
				CLANG_WARN_CONSTANT_CONVERSION = YES;
				CLANG_WARN_DEPRECATED_OBJC_IMPLEMENTATIONS = YES;
				CLANG_WARN_DIRECT_OBJC_ISA_USAGE = YES_ERROR;
				CLANG_WARN_DOCUMENTATION_COMMENTS = YES;
				CLANG_WARN_EMPTY_BODY = YES;
				CLANG_WARN_ENUM_CONVERSION = YES;
				CLANG_WARN_INFINITE_RECURSION = YES;
				CLANG_WARN_INT_CONVERSION = YES;
				CLANG_WARN_NON_LITERAL_NULL_CONVERSION = YES;
				CLANG_WARN_OBJC_IMPLICIT_RETAIN_SELF = YES;
				CLANG_WARN_OBJC_LITERAL_CONVERSION = YES;
				CLANG_WARN_OBJC_ROOT_CLASS = YES_ERROR;
				CLANG_WARN_RANGE_LOOP_ANALYSIS = YES;
				CLANG_WARN_STRICT_PROTOTYPES = YES;
				CLANG_WARN_SUSPICIOUS_MOVE = YES;
				CLANG_WARN_UNGUARDED_AVAILABILITY = YES_AGGRESSIVE;
				CLANG_WARN_UNREACHABLE_CODE = YES;
				CLANG_WARN__DUPLICATE_METHOD_MATCH = YES;
				CODE_SIGN_IDENTITY = "iPhone Developer";
				COPY_PHASE_STRIP = NO;
				DEBUG_INFORMATION_FORMAT = dwarf;
				ENABLE_STRICT_OBJC_MSGSEND = YES;
				ENABLE_TESTABILITY = YES;
				GCC_C_LANGUAGE_STANDARD = gnu11;
				GCC_DYNAMIC_NO_PIC = NO;
				GCC_NO_COMMON_BLOCKS = YES;
				GCC_OPTIMIZATION_LEVEL = 0;
				GCC_PREPROCESSOR_DEFINITIONS = (
					"DEBUG=1",
					"$(inherited)",
				);
				GCC_WARN_64_TO_32_BIT_CONVERSION = YES;
				GCC_WARN_ABOUT_RETURN_TYPE = YES_ERROR;
				GCC_WARN_UNDECLARED_SELECTOR = YES;
				GCC_WARN_UNINITIALIZED_AUTOS = YES_AGGRESSIVE;
				GCC_WARN_UNUSED_FUNCTION = YES;
				GCC_WARN_UNUSED_VARIABLE = YES;
				IPHONEOS_DEPLOYMENT_TARGET = 12.1;
				MTL_ENABLE_DEBUG_INFO = INCLUDE_SOURCE;
				MTL_FAST_MATH = YES;
				ONLY_ACTIVE_ARCH = YES;
				SDKROOT = iphoneos;
				SWIFT_ACTIVE_COMPILATION_CONDITIONS = DEBUG;
				SWIFT_OPTIMIZATION_LEVEL = "-Onone";
			};
			name = Debug;
		};
		AD955294222BBE81004DF2B4 /* Release */ = {
			isa = XCBuildConfiguration;
			buildSettings = {
				ALWAYS_SEARCH_USER_PATHS = NO;
				CLANG_ANALYZER_NONNULL = YES;
				CLANG_ANALYZER_NUMBER_OBJECT_CONVERSION = YES_AGGRESSIVE;
				CLANG_CXX_LANGUAGE_STANDARD = "gnu++14";
				CLANG_CXX_LIBRARY = "libc++";
				CLANG_ENABLE_MODULES = YES;
				CLANG_ENABLE_OBJC_ARC = YES;
				CLANG_ENABLE_OBJC_WEAK = YES;
				CLANG_WARN_BLOCK_CAPTURE_AUTORELEASING = YES;
				CLANG_WARN_BOOL_CONVERSION = YES;
				CLANG_WARN_COMMA = YES;
				CLANG_WARN_CONSTANT_CONVERSION = YES;
				CLANG_WARN_DEPRECATED_OBJC_IMPLEMENTATIONS = YES;
				CLANG_WARN_DIRECT_OBJC_ISA_USAGE = YES_ERROR;
				CLANG_WARN_DOCUMENTATION_COMMENTS = YES;
				CLANG_WARN_EMPTY_BODY = YES;
				CLANG_WARN_ENUM_CONVERSION = YES;
				CLANG_WARN_INFINITE_RECURSION = YES;
				CLANG_WARN_INT_CONVERSION = YES;
				CLANG_WARN_NON_LITERAL_NULL_CONVERSION = YES;
				CLANG_WARN_OBJC_IMPLICIT_RETAIN_SELF = YES;
				CLANG_WARN_OBJC_LITERAL_CONVERSION = YES;
				CLANG_WARN_OBJC_ROOT_CLASS = YES_ERROR;
				CLANG_WARN_RANGE_LOOP_ANALYSIS = YES;
				CLANG_WARN_STRICT_PROTOTYPES = YES;
				CLANG_WARN_SUSPICIOUS_MOVE = YES;
				CLANG_WARN_UNGUARDED_AVAILABILITY = YES_AGGRESSIVE;
				CLANG_WARN_UNREACHABLE_CODE = YES;
				CLANG_WARN__DUPLICATE_METHOD_MATCH = YES;
				CODE_SIGN_IDENTITY = "iPhone Developer";
				COPY_PHASE_STRIP = NO;
				DEBUG_INFORMATION_FORMAT = "dwarf-with-dsym";
				ENABLE_NS_ASSERTIONS = NO;
				ENABLE_STRICT_OBJC_MSGSEND = YES;
				GCC_C_LANGUAGE_STANDARD = gnu11;
				GCC_NO_COMMON_BLOCKS = YES;
				GCC_WARN_64_TO_32_BIT_CONVERSION = YES;
				GCC_WARN_ABOUT_RETURN_TYPE = YES_ERROR;
				GCC_WARN_UNDECLARED_SELECTOR = YES;
				GCC_WARN_UNINITIALIZED_AUTOS = YES_AGGRESSIVE;
				GCC_WARN_UNUSED_FUNCTION = YES;
				GCC_WARN_UNUSED_VARIABLE = YES;
				IPHONEOS_DEPLOYMENT_TARGET = 12.1;
				MTL_ENABLE_DEBUG_INFO = NO;
				MTL_FAST_MATH = YES;
				SDKROOT = iphoneos;
				SWIFT_COMPILATION_MODE = wholemodule;
				SWIFT_OPTIMIZATION_LEVEL = "-O";
				VALIDATE_PRODUCT = YES;
			};
			name = Release;
		};
		AD955296222BBE81004DF2B4 /* Debug */ = {
			isa = XCBuildConfiguration;
			buildSettings = {
				ASSETCATALOG_COMPILER_APPICON_NAME = AppIcon;
				CODE_SIGN_STYLE = Automatic;
				DEVELOPMENT_TEAM = U6L6476C2Z;
				INFOPLIST_FILE = dribblePractice/Info.plist;
				LD_RUNPATH_SEARCH_PATHS = (
					"$(inherited)",
					"@executable_path/Frameworks",
				);
				PRODUCT_BUNDLE_IDENTIFIER = asdfasdfasdfasdf.dribblePractice;
				PRODUCT_NAME = "$(TARGET_NAME)";
				SWIFT_VERSION = 4.2;
				TARGETED_DEVICE_FAMILY = "1,2";
			};
			name = Debug;
		};
		AD955297222BBE81004DF2B4 /* Release */ = {
			isa = XCBuildConfiguration;
			buildSettings = {
				ASSETCATALOG_COMPILER_APPICON_NAME = AppIcon;
				CODE_SIGN_STYLE = Automatic;
				DEVELOPMENT_TEAM = U6L6476C2Z;
				INFOPLIST_FILE = dribblePractice/Info.plist;
				LD_RUNPATH_SEARCH_PATHS = (
					"$(inherited)",
					"@executable_path/Frameworks",
				);
				PRODUCT_BUNDLE_IDENTIFIER = asdfasdfasdfasdf.dribblePractice;
				PRODUCT_NAME = "$(TARGET_NAME)";
				SWIFT_VERSION = 4.2;
				TARGETED_DEVICE_FAMILY = "1,2";
			};
			name = Release;
		};
/* End XCBuildConfiguration section */

/* Begin XCConfigurationList section */
		AD95527E222BBE80004DF2B4 /* Build configuration list for PBXProject "dribblePractice" */ = {
			isa = XCConfigurationList;
			buildConfigurations = (
				AD955293222BBE81004DF2B4 /* Debug */,
				AD955294222BBE81004DF2B4 /* Release */,
			);
			defaultConfigurationIsVisible = 0;
			defaultConfigurationName = Release;
		};
		AD955295222BBE81004DF2B4 /* Build configuration list for PBXNativeTarget "dribblePractice" */ = {
			isa = XCConfigurationList;
			buildConfigurations = (
				AD955296222BBE81004DF2B4 /* Debug */,
				AD955297222BBE81004DF2B4 /* Release */,
			);
			defaultConfigurationIsVisible = 0;
			defaultConfigurationName = Release;
		};
/* End XCConfigurationList section */
	};
	rootObject = AD95527B222BBE80004DF2B4 /* Project object */;
}
